<?xml version="1.0" encoding="UTF-8" standalone="yes" ?>
<CodeBlocks_project_file>
	<FileVersion major="1" minor="6" />
	<Project>
		<Option title="game_test" />
		<Option pch_mode="2" />
		<Option compiler="gcc" />
		<Build>
			<Target title="Debug">
				<Option output="bin/Debug/game_test" prefix_auto="1" extension_auto="1" />
				<Option object_output="obj/Debug/" />
				<Option type="1" />
				<Option compiler="gcc" />
				<Compiler>
					<Add option="-g" />
				</Compiler>
			</Target>
			<Target title="Release">
				<Option output="bin/Release/game_test" prefix_auto="1" extension_auto="1" />
				<Option object_output="obj/Release/" />
				<Option type="1" />
				<Option compiler="gcc" />
				<Compiler>
					<Add option="-O2" />
				</Compiler>
				<Linker>
					<Add option="-s" />
				</Linker>
			</Target>
		</Build>
		<Compiler>
			<Add option="-Wall" />
			<Add option="-fexceptions" />
		</Compiler>
		<Unit filename="base.cpp" />
		<Unit filename="base.h" />
		<Unit filename="boss.cpp" />
		<Unit filename="boss.h" />
		<Unit filename="game.cpp" />
		<Unit filename="game.h" />
		<Unit filename="hangso_const.h" />
		<Unit filename="ice_ball.cpp" />
		<Unit filename="ice_ball.h" />
		<Unit filename="main.cpp" />
		<Unit filename="menu.cpp" />
		<Unit filename="menu.h" />
		<Unit filename="monster.cpp" />
		<Unit filename="monster.h" />
		<Unit filename="player.cpp" />
		<Unit filename="player.h" />
		<Unit filename="tile_map.cpp" />
		<Unit filename="tile_map.h" />
		<Unit filename="time.cpp" />
		<Unit filename="time.h" />
		<Unit filename="wizard.cpp" />
		<Unit filename="wizard.h" />
		<Extensions>
			<lib_finder disable_auto="1" />
		</Extensions>
	</Project>
</CodeBlocks_project_file>
